
Microsoft Visual Studio Solution File, Format Version 12.00
# Visual Studio 15
VisualStudioVersion = 15.0.28307.329
MinimumVisualStudioVersion = 10.0.40219.1
Project("{FAE04EC0-301F-11D3-BF4B-00C04F79EFBC}") = "HousNumberStorageProjekt", "HousNumberStorageProjekt.csproj", "{72C81F7C-4B8D-4276-9DA2-FFC07FBBC830}"
EndProject
Global
	GlobalSection(SolutionConfigurationPlatforms) = preSolution
		Debug|Any CPU = Debug|Any CPU
		Release|Any CPU = Release|Any CPU
	EndGlobalSection
	GlobalSection(ProjectConfigurationPlatforms) = postSolution
		{72C81F7C-4B8D-4276-9DA2-FFC07FBBC830}.Debug|Any CPU.ActiveCfg = Debug|Any CPU
		{72C81F7C-4B8D-4276-9DA2-FFC07FBBC830}.Debug|Any CPU.Build.0 = Debug|Any CPU
		{72C81F7C-4B8D-4276-9DA2-FFC07FBBC830}.Release|Any CPU.ActiveCfg = Release|Any CPU
		{72C81F7C-4B8D-4276-9DA2-FFC07FBBC830}.Release|Any CPU.Build.0 = Release|Any CPU
	EndGlobalSection
	GlobalSection(SolutionProperties) = preSolution
		HideSolutionNode = FALSE
	EndGlobalSection
	GlobalSection(ExtensibilityGlobals) = postSolution
		SolutionGuid = {96321DD6-74FD-4D5B-8D65-105A1A0A800E}
	EndGlobalSection
EndGlobal
